<Solution>
  <Project Path="Recruitment_Drive_Portal1.Application/Recruitment_Drive_Portal1.Application.csproj" />
  <Project Path="Recruitment_Drive_Portal1.Domain/Recruitment_Drive_Portal1.Domain.csproj" />
  <Project Path="Recruitment_Drive_Portal1.Infrastructure/Recruitment_Drive_Portal1.Infrastructure.csproj" />
  <Project Path="Recruitment_Drive_Portal1/Recruitment_Drive_Portal1.csproj" />
</Solution>
